// !$*UTF8*$!
{
	archiveVersion = 1;
	classes = {
	};
	objectVersion = 77;
	objects = {

/* Begin PBXContainerItemProxy section */
		3FDD12D92E72915E00509C58 /* PBXContainerItemProxy */ = {
			isa = PBXContainerItemProxy;
			containerPortal = 3FDD12C32E72915D00509C58 /* Project object */;
			proxyType = 1;
			remoteGlobalIDString = 3FDD12CA2E72915D00509C58;
			remoteInfo = W01_Mobcom;
		};
		3FDD12E32E72915E00509C58 /* PBXContainerItemProxy */ = {
			isa = PBXContainerItemProxy;
			containerPortal = 3FDD12C32E72915D00509C58 /* Project object */;
			proxyType = 1;
			remoteGlobalIDString = 3FDD12CA2E72915D00509C58;
			remoteInfo = W01_Mobcom;
		};
/* End PBXContainerItemProxy section */

/* Begin PBXFileReference section */
		3FDD12CB2E72915D00509C58 /* W01_Mobcom.app */ = {isa = PBXFileReference; explicitFileType = wrapper.application; includeInIndex = 0; path = W01_Mobcom.app; sourceTree = BUILT_PRODUCTS_DIR; };
		3FDD12D82E72915E00509C58 /* W01_MobcomTests.xctest */ = {isa = PBXFileReference; explicitFileType = wrapper.cfbundle; includeInIndex = 0; path = W01_MobcomTests.xctest; sourceTree = BUILT_PRODUCTS_DIR; };
		3FDD12E22E72915E00509C58 /* W01_MobcomUITests.xctest */ = {isa = PBXFileReference; explicitFileType = wrapper.cfbundle; includeInIndex = 0; path = W01_MobcomUITests.xctest; sourceTree = BUILT_PRODUCTS_DIR; };
/* End PBXFileReference section */

/* Begin PBXFileSystemSynchronizedRootGroup section */
		3FDD12CD2E72915D00509C58 /* W01_Mobcom */ = {
			isa = PBXFileSystemSynchronizedRootGroup;
			path = W01_Mobcom;
			sourceTree = "<group>";
		};
		3FDD12DB2E72915E00509C58 /* W01_MobcomTests */ = {
			isa = PBXFileSystemSynchronizedRootGroup;
			path = W01_MobcomTests;
			sourceTree = "<group>";
		};
		3FDD12E52E72915E00509C58 /* W01_MobcomUITests */ = {
			isa = PBXFileSystemSynchronizedRootGroup;
			path = W01_MobcomUITests;
			sourceTree = "<group>";
		};
/* End PBXFileSystemSynchronizedRootGroup section */

/* Begin PBXFrameworksBuildPhase section */
		3FDD12C82E72915D00509C58 /* Frameworks */ = {
			isa = PBXFrameworksBuildPhase;
			buildActionMask = 2147483647;
			files = (
			);
			runOnlyForDeploymentPostprocessing = 0;
		};
		3FDD12D52E72915E00509C58 /* Frameworks */ = {
			isa = PBXFrameworksBuildPhase;
			buildActionMask = 2147483647;
			files = (
			);
			runOnlyForDeploymentPostprocessing = 0;
		};
		3FDD12DF2E72915E00509C58 /* Frameworks */ = {
			isa = PBXFrameworksBuildPhase;
			buildActionMask = 2147483647;
			files = (
			);
			runOnlyForDeploymentPostprocessing = 0;
		};
/* End PBXFrameworksBuildPhase section */

/* Begin PBXGroup section */
		3FDD12C22E72915D00509C58 = {
			isa = PBXGroup;
			children = (
				3FDD12CD2E72915D00509C58 /* W01_Mobcom */,
				3FDD12DB2E72915E00509C58 /* W01_MobcomTests */,
				3FDD12E52E72915E00509C58 /* W01_MobcomUITests */,
				3FDD12CC2E72915D00509C58 /* Products */,
			);
			sourceTree = "<group>";
		};
		3FDD12CC2E72915D00509C58 /* Products */ = {
			isa = PBXGroup;
			children = (
				3FDD12CB2E72915D00509C58 /* W01_Mobcom.app */,
				3FDD12D82E72915E00509C58 /* W01_MobcomTests.xctest */,
				3FDD12E22E72915E00509C58 /* W01_MobcomUITests.xctest */,
			);
			name = Products;
			sourceTree = "<group>";
		};
/* End PBXGroup section */

/* Begin PBXNativeTarget section */
		3FDD12CA2E72915D00509C58 /* W01_Mobcom */ = {
			isa = PBXNativeTarget;
			buildConfigurationList = 3FDD12EC2E72915E00509C58 /* Build configuration list for PBXNativeTarget "W01_Mobcom" */;
			buildPhases = (
				3FDD12C72E72915D00509C58 /* Sources */,
				3FDD12C82E72915D00509C58 /* Frameworks */,
				3FDD12C92E72915D00509C58 /* Resources */,
			);
			buildRules = (
			);
			dependencies = (
			);
			fileSystemSynchronizedGroups = (
				3FDD12CD2E72915D00509C58 /* W01_Mobcom */,
			);
			name = W01_Mobcom;
			packageProductDependencies = (
			);
			productName = W01_Mobcom;
			productReference = 3FDD12CB2E72915D00509C58 /* W01_Mobcom.app */;
			productType = "com.apple.product-type.application";
		};
		3FDD12D72E72915E00509C58 /* W01_MobcomTests */ = {
			isa = PBXNativeTarget;
			buildConfigurationList = 3FDD12EF2E72915E00509C58 /* Build configuration list for PBXNativeTarget "W01_MobcomTests" */;
			buildPhases = (
				3FDD12D42E72915E00509C58 /* Sources */,
				3FDD12D52E72915E00509C58 /* Frameworks */,
				3FDD12D62E72915E00509C58 /* Resources */,
			);
			buildRules = (
			);
			dependencies = (
				3FDD12DA2E72915E00509C58 /* PBXTargetDependency */,
			);
			fileSystemSynchronizedGroups = (
				3FDD12DB2E72915E00509C58 /* W01_MobcomTests */,
			);
			name = W01_MobcomTests;
			packageProductDependencies = (
			);
			productName = W01_MobcomTests;
			productReference = 3FDD12D82E72915E00509C58 /* W01_MobcomTests.xctest */;
			productType = "com.apple.product-type.bundle.unit-test";
		};
		3FDD12E12E72915E00509C58 /* W01_MobcomUITests */ = {
			isa = PBXNativeTarget;
			buildConfigurationList = 3FDD12F22E72915E00509C58 /* Build configuration list for PBXNativeTarget "W01_MobcomUITests" */;
			buildPhases = (
				3FDD12DE2E72915E00509C58 /* Sources */,
				3FDD12DF2E72915E00509C58 /* Frameworks */,
				3FDD12E02E72915E00509C58 /* Resources */,
			);
			buildRules = (
			);
			dependencies = (
				3FDD12E42E72915E00509C58 /* PBXTargetDependency */,
			);
			fileSystemSynchronizedGroups = (
				3FDD12E52E72915E00509C58 /* W01_MobcomUITests */,
			);
			name = W01_MobcomUITests;
			packageProductDependencies = (
			);
			productName = W01_MobcomUITests;
			productReference = 3FDD12E22E72915E00509C58 /* W01_MobcomUITests.xctest */;
			productType = "com.apple.product-type.bundle.ui-testing";
		};
/* End PBXNativeTarget section */

/* Begin PBXProject section */
		3FDD12C32E72915D00509C58 /* Project object */ = {
			isa = PBXProject;
			attributes = {
				BuildIndependentTargetsInParallel = 1;
				LastSwiftUpdateCheck = 1640;
				LastUpgradeCheck = 1640;
				TargetAttributes = {
					3FDD12CA2E72915D00509C58 = {
						CreatedOnToolsVersion = 16.4;
					};
					3FDD12D72E72915E00509C58 = {
						CreatedOnToolsVersion = 16.4;
						TestTargetID = 3FDD12CA2E72915D00509C58;
					};
					3FDD12E12E72915E00509C58 = {
						CreatedOnToolsVersion = 16.4;
						TestTargetID = 3FDD12CA2E72915D00509C58;
					};
				};
			};
			buildConfigurationList = 3FDD12C62E72915D00509C58 /* Build configuration list for PBXProject "W01_Mobcom" */;
			developmentRegion = en;
			hasScannedForEncodings = 0;
			knownRegions = (
				en,
				Base,
			);
			mainGroup = 3FDD12C22E72915D00509C58;
			minimizedProjectReferenceProxies = 1;
			preferredProjectObjectVersion = 77;
			productRefGroup = 3FDD12CC2E72915D00509C58 /* Products */;
			projectDirPath = "";
			projectRoot = "";
			targets = (
				3FDD12CA2E72915D00509C58 /* W01_Mobcom */,
				3FDD12D72E72915E00509C58 /* W01_MobcomTests */,
				3FDD12E12E72915E00509C58 /* W01_MobcomUITests */,
			);
		};
/* End PBXProject section */

/* Begin PBXResourcesBuildPhase section */
		3FDD12C92E72915D00509C58 /* Resources */ = {
			isa = PBXResourcesBuildPhase;
			buildActionMask = 2147483647;
			files = (
			);
			runOnlyForDeploymentPostprocessing = 0;
		};
		3FDD12D62E72915E00509C58 /* Resources */ = {
			isa = PBXResourcesBuildPhase;
			buildActionMask = 2147483647;
			files = (
			);
			runOnlyForDeploymentPostprocessing = 0;
		};
		3FDD12E02E72915E00509C58 /* Resources */ = {
			isa = PBXResourcesBuildPhase;
			buildActionMask = 2147483647;
			files = (
			);
			runOnlyForDeploymentPostprocessing = 0;
		};
/* End PBXResourcesBuildPhase section */

/* Begin PBXSourcesBuildPhase section */
		3FDD12C72E72915D00509C58 /* Sources */ = {
			isa = PBXSourcesBuildPhase;
			buildActionMask = 2147483647;
			files = (
			);
			runOnlyForDeploymentPostprocessing = 0;
		};
		3FDD12D42E72915E00509C58 /* Sources */ = {
			isa = PBXSourcesBuildPhase;
			buildActionMask = 2147483647;
			files = (
			);
			runOnlyForDeploymentPostprocessing = 0;
		};
		3FDD12DE2E72915E00509C58 /* Sources */ = {
			isa = PBXSourcesBuildPhase;
			buildActionMask = 2147483647;
			files = (
			);
			runOnlyForDeploymentPostprocessing = 0;
		};
/* End PBXSourcesBuildPhase section */

/* Begin PBXTargetDependency section */
		3FDD12DA2E72915E00509C58 /* PBXTargetDependency */ = {
			isa = PBXTargetDependency;
			target = 3FDD12CA2E72915D00509C58 /* W01_Mobcom */;
			targetProxy = 3FDD12D92E72915E00509C58 /* PBXContainerItemProxy */;
		};
		3FDD12E42E72915E00509C58 /* PBXTargetDependency */ = {
			isa = PBXTargetDependency;
			target = 3FDD12CA2E72915D00509C58 /* W01_Mobcom */;
			targetProxy = 3FDD12E32E72915E00509C58 /* PBXContainerItemProxy */;
		};
/* End PBXTargetDependency section */

/* Begin XCBuildConfiguration section */
		3FDD12EA2E72915E00509C58 /* Debug */ = {
			isa = XCBuildConfiguration;
			buildSettings = {
				ALWAYS_SEARCH_USER_PATHS = NO;
				ASSETCATALOG_COMPILER_GENERATE_SWIFT_ASSET_SYMBOL_EXTENSIONS = YES;
				CLANG_ANALYZER_NONNULL = YES;
				CLANG_ANALYZER_NUMBER_OBJECT_CONVERSION = YES_AGGRESSIVE;
				CLANG_CXX_LANGUAGE_STANDARD = "gnu++20";
				CLANG_ENABLE_MODULES = YES;
				CLANG_ENABLE_OBJC_ARC = YES;
				CLANG_ENABLE_OBJC_WEAK = YES;
				CLANG_WARN_BLOCK_CAPTURE_AUTORELEASING = YES;
				CLANG_WARN_BOOL_CONVERSION = YES;
				CLANG_WARN_COMMA = YES;
				CLANG_WARN_CONSTANT_CONVERSION = YES;
				CLANG_WARN_DEPRECATED_OBJC_IMPLEMENTATIONS = YES;
				CLANG_WARN_DIRECT_OBJC_ISA_USAGE = YES_ERROR;
				CLANG_WARN_DOCUMENTATION_COMMENTS = YES;
				CLANG_WARN_EMPTY_BODY = YES;
				CLANG_WARN_ENUM_CONVERSION = YES;
				CLANG_WARN_INFINITE_RECURSION = YES;
				CLANG_WARN_INT_CONVERSION = YES;
				CLANG_WARN_NON_LITERAL_NULL_CONVERSION = YES;
				CLANG_WARN_OBJC_IMPLICIT_RETAIN_SELF = YES;
				CLANG_WARN_OBJC_LITERAL_CONVERSION = YES;
				CLANG_WARN_OBJC_ROOT_CLASS = YES_ERROR;
				CLANG_WARN_QUOTED_INCLUDE_IN_FRAMEWORK_HEADER = YES;
				CLANG_WARN_RANGE_LOOP_ANALYSIS = YES;
				CLANG_WARN_STRICT_PROTOTYPES = YES;
				CLANG_WARN_SUSPICIOUS_MOVE = YES;
				CLANG_WARN_UNGUARDED_AVAILABILITY = YES_AGGRESSIVE;
				CLANG_WARN_UNREACHABLE_CODE = YES;
				CLANG_WARN__DUPLICATE_METHOD_MATCH = YES;
				COPY_PHASE_STRIP = NO;
				DEBUG_INFORMATION_FORMAT = dwarf;
				ENABLE_STRICT_OBJC_MSGSEND = YES;
				ENABLE_TESTABILITY = YES;
				ENABLE_USER_SCRIPT_SANDBOXING = YES;
				GCC_C_LANGUAGE_STANDARD = gnu17;
				GCC_DYNAMIC_NO_PIC = NO;
				GCC_NO_COMMON_BLOCKS = YES;
				GCC_OPTIMIZATION_LEVEL = 0;
				GCC_PREPROCESSOR_DEFINITIONS = (
					"DEBUG=1",
					"$(inherited)",
				);
				GCC_WARN_64_TO_32_BIT_CONVERSION = YES;
				GCC_WARN_ABOUT_RETURN_TYPE = YES_ERROR;
				GCC_WARN_UNDECLARED_SELECTOR = YES;
				GCC_WARN_UNINITIALIZED_AUTOS = YES_AGGRESSIVE;
				GCC_WARN_UNUSED_FUNCTION = YES;
				GCC_WARN_UNUSED_VARIABLE = YES;
				IPHONEOS_DEPLOYMENT_TARGET = 18.5;
				LOCALIZATION_PREFERS_STRING_CATALOGS = YES;
				MTL_ENABLE_DEBUG_INFO = INCLUDE_SOURCE;
				MTL_FAST_MATH = YES;
				ONLY_ACTIVE_ARCH = YES;
				SDKROOT = iphoneos;
				SWIFT_ACTIVE_COMPILATION_CONDITIONS = "DEBUG $(inherited)";
				SWIFT_OPTIMIZATION_LEVEL = "-Onone";
			};
			name = Debug;
		};
		3FDD12EB2E72915E00509C58 /* Release */ = {
			isa = XCBuildConfiguration;
			buildSettings = {
				ALWAYS_SEARCH_USER_PATHS = NO;
				ASSETCATALOG_COMPILER_GENERATE_SWIFT_ASSET_SYMBOL_EXTENSIONS = YES;
				CLANG_ANALYZER_NONNULL = YES;
				CLANG_ANALYZER_NUMBER_OBJECT_CONVERSION = YES_AGGRESSIVE;
				CLANG_CXX_LANGUAGE_STANDARD = "gnu++20";
				CLANG_ENABLE_MODULES = YES;
				CLANG_ENABLE_OBJC_ARC = YES;
				CLANG_ENABLE_OBJC_WEAK = YES;
				CLANG_WARN_BLOCK_CAPTURE_AUTORELEASING = YES;
				CLANG_WARN_BOOL_CONVERSION = YES;
				CLANG_WARN_COMMA = YES;
				CLANG_WARN_CONSTANT_CONVERSION = YES;
				CLANG_WARN_DEPRECATED_OBJC_IMPLEMENTATIONS = YES;
				CLANG_WARN_DIRECT_OBJC_ISA_USAGE = YES_ERROR;
				CLANG_WARN_DOCUMENTATION_COMMENTS = YES;
				CLANG_WARN_EMPTY_BODY = YES;
				CLANG_WARN_ENUM_CONVERSION = YES;
				CLANG_WARN_INFINITE_RECURSION = YES;
				CLANG_WARN_INT_CONVERSION = YES;
				CLANG_WARN_NON_LITERAL_NULL_CONVERSION = YES;
				CLANG_WARN_OBJC_IMPLICIT_RETAIN_SELF = YES;
				CLANG_WARN_OBJC_LITERAL_CONVERSION = YES;
				CLANG_WARN_OBJC_ROOT_CLASS = YES_ERROR;
				CLANG_WARN_QUOTED_INCLUDE_IN_FRAMEWORK_HEADER = YES;
				CLANG_WARN_RANGE_LOOP_ANALYSIS = YES;
				CLANG_WARN_STRICT_PROTOTYPES = YES;
				CLANG_WARN_SUSPICIOUS_MOVE = YES;
				CLANG_WARN_UNGUARDED_AVAILABILITY = YES_AGGRESSIVE;
				CLANG_WARN_UNREACHABLE_CODE = YES;
				CLANG_WARN__DUPLICATE_METHOD_MATCH = YES;
				COPY_PHASE_STRIP = NO;
				DEBUG_INFORMATION_FORMAT = "dwarf-with-dsym";
				ENABLE_NS_ASSERTIONS = NO;
				ENABLE_STRICT_OBJC_MSGSEND = YES;
				ENABLE_USER_SCRIPT_SANDBOXING = YES;
				GCC_C_LANGUAGE_STANDARD = gnu17;
				GCC_NO_COMMON_BLOCKS = YES;
				GCC_WARN_64_TO_32_BIT_CONVERSION = YES;
				GCC_WARN_ABOUT_RETURN_TYPE = YES_ERROR;
				GCC_WARN_UNDECLARED_SELECTOR = YES;
				GCC_WARN_UNINITIALIZED_AUTOS = YES_AGGRESSIVE;
				GCC_WARN_UNUSED_FUNCTION = YES;
				GCC_WARN_UNUSED_VARIABLE = YES;
				IPHONEOS_DEPLOYMENT_TARGET = 18.5;
				LOCALIZATION_PREFERS_STRING_CATALOGS = YES;
				MTL_ENABLE_DEBUG_INFO = NO;
				MTL_FAST_MATH = YES;
				SDKROOT = iphoneos;
				SWIFT_COMPILATION_MODE = wholemodule;
				VALIDATE_PRODUCT = YES;
			};
			name = Release;
		};
		3FDD12ED2E72915E00509C58 /* Debug */ = {
			isa = XCBuildConfiguration;
			buildSettings = {
				ASSETCATALOG_COMPILER_APPICON_NAME = AppIcon;
				ASSETCATALOG_COMPILER_GLOBAL_ACCENT_COLOR_NAME = AccentColor;
				CODE_SIGN_STYLE = Automatic;
				CURRENT_PROJECT_VERSION = 1;
				ENABLE_PREVIEWS = YES;
				GENERATE_INFOPLIST_FILE = YES;
				INFOPLIST_KEY_UIApplicationSceneManifest_Generation = YES;
				INFOPLIST_KEY_UIApplicationSupportsIndirectInputEvents = YES;
				INFOPLIST_KEY_UILaunchScreen_Generation = YES;
				INFOPLIST_KEY_UISupportedInterfaceOrientations_iPad = "UIInterfaceOrientationPortrait UIInterfaceOrientationPortraitUpsideDown UIInterfaceOrientationLandscapeLeft UIInterfaceOrientationLandscapeRight";
				INFOPLIST_KEY_UISupportedInterfaceOrientations_iPhone = "UIInterfaceOrientationPortrait UIInterfaceOrientationLandscapeLeft UIInterfaceOrientationLandscapeRight";
				LD_RUNPATH_SEARCH_PATHS = (
					"$(inherited)",
					"@executable_path/Frameworks",
				);
				MARKETING_VERSION = 1.0;
				PRODUCT_BUNDLE_IDENTIFIER = "UC.W01-Mobcom";
				PRODUCT_NAME = "$(TARGET_NAME)";
				SWIFT_EMIT_LOC_STRINGS = YES;
				SWIFT_VERSION = 5.0;
				TARGETED_DEVICE_FAMILY = "1,2";
			};
			name = Debug;
		};
		3FDD12EE2E72915E00509C58 /* Release */ = {
			isa = XCBuildConfiguration;
			buildSettings = {
				ASSETCATALOG_COMPILER_APPICON_NAME = AppIcon;
				ASSETCATALOG_COMPILER_GLOBAL_ACCENT_COLOR_NAME = AccentColor;
				CODE_SIGN_STYLE = Automatic;
				CURRENT_PROJECT_VERSION = 1;
				ENABLE_PREVIEWS = YES;
				GENERATE_INFOPLIST_FILE = YES;
				INFOPLIST_KEY_UIApplicationSceneManifest_Generation = YES;
				INFOPLIST_KEY_UIApplicationSupportsIndirectInputEvents = YES;
				INFOPLIST_KEY_UILaunchScreen_Generation = YES;
				INFOPLIST_KEY_UISupportedInterfaceOrientations_iPad = "UIInterfaceOrientationPortrait UIInterfaceOrientationPortraitUpsideDown UIInterfaceOrientationLandscapeLeft UIInterfaceOrientationLandscapeRight";
				INFOPLIST_KEY_UISupportedInterfaceOrientations_iPhone = "UIInterfaceOrientationPortrait UIInterfaceOrientationLandscapeLeft UIInterfaceOrientationLandscapeRight";
				LD_RUNPATH_SEARCH_PATHS = (
					"$(inherited)",
					"@executable_path/Frameworks",
				);
				MARKETING_VERSION = 1.0;
				PRODUCT_BUNDLE_IDENTIFIER = "UC.W01-Mobcom";
				PRODUCT_NAME = "$(TARGET_NAME)";
				SWIFT_EMIT_LOC_STRINGS = YES;
				SWIFT_VERSION = 5.0;
				TARGETED_DEVICE_FAMILY = "1,2";
			};
			name = Release;
		};
		3FDD12F02E72915E00509C58 /* Debug */ = {
			isa = XCBuildConfiguration;
			buildSettings = {
				BUNDLE_LOADER = "$(TEST_HOST)";
				CODE_SIGN_STYLE = Automatic;
				CURRENT_PROJECT_VERSION = 1;
				GENERATE_INFOPLIST_FILE = YES;
				IPHONEOS_DEPLOYMENT_TARGET = 18.5;
				MARKETING_VERSION = 1.0;
				PRODUCT_BUNDLE_IDENTIFIER = "UC.W01-MobcomTests";
				PRODUCT_NAME = "$(TARGET_NAME)";
				SWIFT_EMIT_LOC_STRINGS = NO;
				SWIFT_VERSION = 5.0;
				TARGETED_DEVICE_FAMILY = "1,2";
				TEST_HOST = "$(BUILT_PRODUCTS_DIR)/W01_Mobcom.app/$(BUNDLE_EXECUTABLE_FOLDER_PATH)/W01_Mobcom";
			};
			name = Debug;
		};
		3FDD12F12E72915E00509C58 /* Release */ = {
			isa = XCBuildConfiguration;
			buildSettings = {
				BUNDLE_LOADER = "$(TEST_HOST)";
				CODE_SIGN_STYLE = Automatic;
				CURRENT_PROJECT_VERSION = 1;
				GENERATE_INFOPLIST_FILE = YES;
				IPHONEOS_DEPLOYMENT_TARGET = 18.5;
				MARKETING_VERSION = 1.0;
				PRODUCT_BUNDLE_IDENTIFIER = "UC.W01-MobcomTests";
				PRODUCT_NAME = "$(TARGET_NAME)";
				SWIFT_EMIT_LOC_STRINGS = NO;
				SWIFT_VERSION = 5.0;
				TARGETED_DEVICE_FAMILY = "1,2";
				TEST_HOST = "$(BUILT_PRODUCTS_DIR)/W01_Mobcom.app/$(BUNDLE_EXECUTABLE_FOLDER_PATH)/W01_Mobcom";
			};
			name = Release;
		};
		3FDD12F32E72915E00509C58 /* Debug */ = {
			isa = XCBuildConfiguration;
			buildSettings = {
				CODE_SIGN_STYLE = Automatic;
				CURRENT_PROJECT_VERSION = 1;
				GENERATE_INFOPLIST_FILE = YES;
				MARKETING_VERSION = 1.0;
				PRODUCT_BUNDLE_IDENTIFIER = "UC.W01-MobcomUITests";
				PRODUCT_NAME = "$(TARGET_NAME)";
				SWIFT_EMIT_LOC_STRINGS = NO;
				SWIFT_VERSION = 5.0;
				TARGETED_DEVICE_FAMILY = "1,2";
				TEST_TARGET_NAME = W01_Mobcom;
			};
			name = Debug;
		};
		3FDD12F42E72915E00509C58 /* Release */ = {
			isa = XCBuildConfiguration;
			buildSettings = {
				CODE_SIGN_STYLE = Automatic;
				CURRENT_PROJECT_VERSION = 1;
				GENERATE_INFOPLIST_FILE = YES;
				MARKETING_VERSION = 1.0;
				PRODUCT_BUNDLE_IDENTIFIER = "UC.W01-MobcomUITests";
				PRODUCT_NAME = "$(TARGET_NAME)";
				SWIFT_EMIT_LOC_STRINGS = NO;
				SWIFT_VERSION = 5.0;
				TARGETED_DEVICE_FAMILY = "1,2";
				TEST_TARGET_NAME = W01_Mobcom;
			};
			name = Release;
		};
/* End XCBuildConfiguration section */

/* Begin XCConfigurationList section */
		3FDD12C62E72915D00509C58 /* Build configuration list for PBXProject "W01_Mobcom" */ = {
			isa = XCConfigurationList;
			buildConfigurations = (
				3FDD12EA2E72915E00509C58 /* Debug */,
				3FDD12EB2E72915E00509C58 /* Release */,
			);
			defaultConfigurationIsVisible = 0;
			defaultConfigurationName = Release;
		};
		3FDD12EC2E72915E00509C58 /* Build configuration list for PBXNativeTarget "W01_Mobcom" */ = {
			isa = XCConfigurationList;
			buildConfigurations = (
				3FDD12ED2E72915E00509C58 /* Debug */,
				3FDD12EE2E72915E00509C58 /* Release */,
			);
			defaultConfigurationIsVisible = 0;
			defaultConfigurationName = Release;
		};
		3FDD12EF2E72915E00509C58 /* Build configuration list for PBXNativeTarget "W01_MobcomTests" */ = {
			isa = XCConfigurationList;
			buildConfigurations = (
				3FDD12F02E72915E00509C58 /* Debug */,
				3FDD12F12E72915E00509C58 /* Release */,
			);
			defaultConfigurationIsVisible = 0;
			defaultConfigurationName = Release;
		};
		3FDD12F22E72915E00509C58 /* Build configuration list for PBXNativeTarget "W01_MobcomUITests" */ = {
			isa = XCConfigurationList;
			buildConfigurations = (
				3FDD12F32E72915E00509C58 /* Debug */,
				3FDD12F42E72915E00509C58 /* Release */,
			);
			defaultConfigurationIsVisible = 0;
			defaultConfigurationName = Release;
		};
/* End XCConfigurationList section */
	};
	rootObject = 3FDD12C32E72915D00509C58 /* Project object */;
}
